{
	"name": "@stryker-mutator/util",
	"version": "5.4.1",
	"lockfileVersion": 1,
	"requires": true,
	"dependencies": {
		"@types/lodash": {
			"version": "4.14.175",
			"resolved": "https://registry.npmjs.org/@types/lodash/-/lodash-4.14.175.tgz",
			"integrity": "sha512-XmdEOrKQ8a1Y/yxQFOMbC47G/V2VDO1GvMRnl4O75M4GW/abC5tnfzadQYkqEveqRM1dEJGFFegfPNA2vvx2iw==",
			"dev": true
		},
		"@types/lodash.flatmap": {
			"version": "4.5.6",
			"resolved": "https://registry.npmjs.org/@types/lodash.flatmap/-/lodash.flatmap-4.5.6.tgz",
			"integrity": "sha512-ELNrUL9q+MB7AACaHivWIsKDFDgYhHE3/svXhqvDJgONtn2c467Cy87nEb7CEDvfaGCPv91lPaW596I8s5oiNQ==",
			"dev": true,
			"requires": {
				"@types/lodash": "*"
			}
		},
		"@types/node": {
			"version": "15.14.9",
			"resolved": "https://registry.npmjs.org/@types/node/-/node-15.14.9.tgz",
			"integrity": "sha512-qjd88DrCxupx/kJD5yQgZdcYKZKSIGBVDIBE1/LTGcNm3d2Np/jxojkdePDdfnBHJc5W7vSMpbJ1aB7p/Py69A==",
			"dev": true
		},
		"lodash.flatmap": {
			"version": "4.5.0",
			"resolved": "https://registry.npmjs.org/lodash.flatmap/-/lodash.flatmap-4.5.0.tgz",
			"integrity": "sha1-74y/QI9uSCaGYzRTBcaswLd4cC4="
		}
	}
}
